// !$*UTF8*$!
{
	archiveVersion = 1;
	classes = {
	};
	objectVersion = 46;
	objects = {

/* Begin PBXBuildFile section */
		21756E93143FE4D100838F7E /* MapViewController.m in Sources */ = {isa = PBXBuildFile; fileRef = 21756E91143FE4D100838F7E /* MapViewController.m */; };
		21756E94143FE4D100838F7E /* MapView.xib in Resources */ = {isa = PBXBuildFile; fileRef = 21756E92143FE4D100838F7E /* MapView.xib */; };
		21756EA7143FF2FD00838F7E /* MapKit.framework in Frameworks */ = {isa = PBXBuildFile; fileRef = 21756EA6143FF2FD00838F7E /* MapKit.framework */; };
		21F1C1D8143FDF0A006C2A5B /* UIKit.framework in Frameworks */ = {isa = PBXBuildFile; fileRef = 21F1C1D7143FDF0A006C2A5B /* UIKit.framework */; };
		21F1C1DA143FDF0A006C2A5B /* Foundation.framework in Frameworks */ = {isa = PBXBuildFile; fileRef = 21F1C1D9143FDF0A006C2A5B /* Foundation.framework */; };
		21F1C1DC143FDF0A006C2A5B /* CoreGraphics.framework in Frameworks */ = {isa = PBXBuildFile; fileRef = 21F1C1DB143FDF0A006C2A5B /* CoreGraphics.framework */; };
		21F1C1E2143FDF0A006C2A5B /* InfoPlist.strings in Resources */ = {isa = PBXBuildFile; fileRef = 21F1C1E0143FDF0A006C2A5B /* InfoPlist.strings */; };
		21F1C1E5143FDF0A006C2A5B /* main.m in Sources */ = {isa = PBXBuildFile; fileRef = 21F1C1E4143FDF0A006C2A5B /* main.m */; };
		AF6305731440011B002AFDF9 /* PhotoLocation.m in Sources */ = {isa = PBXBuildFile; fileRef = AF6305721440011B002AFDF9 /* PhotoLocation.m */; };
		AFD99E59143FE2650008198C /* MainWindow.xib in Resources */ = {isa = PBXBuildFile; fileRef = AFD99E4E143FE2650008198C /* MainWindow.xib */; };
		AFD99E5B143FE2650008198C /* BFC_iOSAppDelegate.m in Sources */ = {isa = PBXBuildFile; fileRef = AFD99E52143FE2650008198C /* BFC_iOSAppDelegate.m */; };
		AFD99E60143FE4A30008198C /* YouAreHereViewController.m in Sources */ = {isa = PBXBuildFile; fileRef = AFD99E5F143FE4A30008198C /* YouAreHereViewController.m */; };
		AFD99E63143FE4C10008198C /* SearchViewController.m in Sources */ = {isa = PBXBuildFile; fileRef = AFD99E62143FE4C10008198C /* SearchViewController.m */; };
		AFD99E66143FE4E10008198C /* AboutViewController.m in Sources */ = {isa = PBXBuildFile; fileRef = AFD99E65143FE4E00008198C /* AboutViewController.m */; };
		AFD99E68143FE4FD0008198C /* YouAreHereView.xib in Resources */ = {isa = PBXBuildFile; fileRef = AFD99E67143FE4FD0008198C /* YouAreHereView.xib */; };
		AFD99E6A143FE50D0008198C /* SearchView.xib in Resources */ = {isa = PBXBuildFile; fileRef = AFD99E69143FE50D0008198C /* SearchView.xib */; };
		AFD99E6C143FE52B0008198C /* AboutView.xib in Resources */ = {isa = PBXBuildFile; fileRef = AFD99E6B143FE52B0008198C /* AboutView.xib */; };
/* End PBXBuildFile section */

/* Begin PBXFileReference section */
		21756E90143FE4D100838F7E /* MapViewController.h */ = {isa = PBXFileReference; fileEncoding = 4; lastKnownFileType = sourcecode.c.h; name = MapViewController.h; path = "../../../BFC-iOS.xcodeproj/MapViewController.h"; sourceTree = "<group>"; };
		21756E91143FE4D100838F7E /* MapViewController.m */ = {isa = PBXFileReference; fileEncoding = 4; lastKnownFileType = sourcecode.c.objc; name = MapViewController.m; path = "../../../BFC-iOS.xcodeproj/MapViewController.m"; sourceTree = "<group>"; };
		21756E92143FE4D100838F7E /* MapView.xib */ = {isa = PBXFileReference; fileEncoding = 4; lastKnownFileType = file.xib; name = MapView.xib; path = "../../BFC-iOS.xcodeproj/MapView.xib"; sourceTree = "<group>"; };
		21756EA6143FF2FD00838F7E /* MapKit.framework */ = {isa = PBXFileReference; lastKnownFileType = wrapper.framework; name = MapKit.framework; path = System/Library/Frameworks/MapKit.framework; sourceTree = SDKROOT; };
		21F1C1D3143FDF0A006C2A5B /* BFC-iOS.app */ = {isa = PBXFileReference; explicitFileType = wrapper.application; includeInIndex = 0; path = "BFC-iOS.app"; sourceTree = BUILT_PRODUCTS_DIR; };
		21F1C1D7143FDF0A006C2A5B /* UIKit.framework */ = {isa = PBXFileReference; lastKnownFileType = wrapper.framework; name = UIKit.framework; path = System/Library/Frameworks/UIKit.framework; sourceTree = SDKROOT; };
		21F1C1D9143FDF0A006C2A5B /* Foundation.framework */ = {isa = PBXFileReference; lastKnownFileType = wrapper.framework; name = Foundation.framework; path = System/Library/Frameworks/Foundation.framework; sourceTree = SDKROOT; };
		21F1C1DB143FDF0A006C2A5B /* CoreGraphics.framework */ = {isa = PBXFileReference; lastKnownFileType = wrapper.framework; name = CoreGraphics.framework; path = System/Library/Frameworks/CoreGraphics.framework; sourceTree = SDKROOT; };
		21F1C1DF143FDF0A006C2A5B /* BFC-iOS-Info.plist */ = {isa = PBXFileReference; lastKnownFileType = text.plist.xml; path = "BFC-iOS-Info.plist"; sourceTree = "<group>"; };
		21F1C1E1143FDF0A006C2A5B /* en */ = {isa = PBXFileReference; lastKnownFileType = text.plist.strings; name = en; path = en.lproj/InfoPlist.strings; sourceTree = "<group>"; };
		21F1C1E3143FDF0A006C2A5B /* BFC-iOS-Prefix.pch */ = {isa = PBXFileReference; lastKnownFileType = sourcecode.c.h; path = "BFC-iOS-Prefix.pch"; sourceTree = "<group>"; };
		21F1C1E4143FDF0A006C2A5B /* main.m */ = {isa = PBXFileReference; lastKnownFileType = sourcecode.c.objc; path = main.m; sourceTree = "<group>"; };
		AF6305711440011B002AFDF9 /* PhotoLocation.h */ = {isa = PBXFileReference; fileEncoding = 4; lastKnownFileType = sourcecode.c.h; path = PhotoLocation.h; sourceTree = "<group>"; };
		AF6305721440011B002AFDF9 /* PhotoLocation.m */ = {isa = PBXFileReference; fileEncoding = 4; lastKnownFileType = sourcecode.c.objc; path = PhotoLocation.m; sourceTree = "<group>"; };
		AFD99E4E143FE2650008198C /* MainWindow.xib */ = {isa = PBXFileReference; fileEncoding = 4; lastKnownFileType = file.xib; path = MainWindow.xib; sourceTree = "<group>"; };
		AFD99E51143FE2650008198C /* BFC_iOSAppDelegate.h */ = {isa = PBXFileReference; fileEncoding = 4; lastKnownFileType = sourcecode.c.h; path = BFC_iOSAppDelegate.h; sourceTree = "<group>"; };
		AFD99E52143FE2650008198C /* BFC_iOSAppDelegate.m */ = {isa = PBXFileReference; fileEncoding = 4; lastKnownFileType = sourcecode.c.objc; path = BFC_iOSAppDelegate.m; sourceTree = "<group>"; };
		AFD99E5E143FE4A30008198C /* YouAreHereViewController.h */ = {isa = PBXFileReference; fileEncoding = 4; lastKnownFileType = sourcecode.c.h; path = YouAreHereViewController.h; sourceTree = "<group>"; };
		AFD99E5F143FE4A30008198C /* YouAreHereViewController.m */ = {isa = PBXFileReference; fileEncoding = 4; lastKnownFileType = sourcecode.c.objc; path = YouAreHereViewController.m; sourceTree = "<group>"; };
		AFD99E61143FE4C10008198C /* SearchViewController.h */ = {isa = PBXFileReference; fileEncoding = 4; lastKnownFileType = sourcecode.c.h; path = SearchViewController.h; sourceTree = "<group>"; };
		AFD99E62143FE4C10008198C /* SearchViewController.m */ = {isa = PBXFileReference; fileEncoding = 4; lastKnownFileType = sourcecode.c.objc; path = SearchViewController.m; sourceTree = "<group>"; };
		AFD99E64143FE4E00008198C /* AboutViewController.h */ = {isa = PBXFileReference; fileEncoding = 4; lastKnownFileType = sourcecode.c.h; path = AboutViewController.h; sourceTree = "<group>"; };
		AFD99E65143FE4E00008198C /* AboutViewController.m */ = {isa = PBXFileReference; fileEncoding = 4; lastKnownFileType = sourcecode.c.objc; path = AboutViewController.m; sourceTree = "<group>"; };
		AFD99E67143FE4FD0008198C /* YouAreHereView.xib */ = {isa = PBXFileReference; fileEncoding = 4; lastKnownFileType = file.xib; path = YouAreHereView.xib; sourceTree = "<group>"; };
		AFD99E69143FE50D0008198C /* SearchView.xib */ = {isa = PBXFileReference; fileEncoding = 4; lastKnownFileType = file.xib; path = SearchView.xib; sourceTree = "<group>"; };
		AFD99E6B143FE52B0008198C /* AboutView.xib */ = {isa = PBXFileReference; fileEncoding = 4; lastKnownFileType = file.xib; path = AboutView.xib; sourceTree = "<group>"; };
/* End PBXFileReference section */

/* Begin PBXFrameworksBuildPhase section */
		21F1C1D0143FDF0A006C2A5B /* Frameworks */ = {
			isa = PBXFrameworksBuildPhase;
			buildActionMask = 2147483647;
			files = (
				21756EA7143FF2FD00838F7E /* MapKit.framework in Frameworks */,
				21F1C1D8143FDF0A006C2A5B /* UIKit.framework in Frameworks */,
				21F1C1DA143FDF0A006C2A5B /* Foundation.framework in Frameworks */,
				21F1C1DC143FDF0A006C2A5B /* CoreGraphics.framework in Frameworks */,
			);
			runOnlyForDeploymentPostprocessing = 0;
		};
/* End PBXFrameworksBuildPhase section */

/* Begin PBXGroup section */
		21F1C1C8143FDF0A006C2A5B = {
			isa = PBXGroup;
			children = (
				21756EA6143FF2FD00838F7E /* MapKit.framework */,
				21F1C1DD143FDF0A006C2A5B /* BFC-iOS */,
				21F1C1D6143FDF0A006C2A5B /* Frameworks */,
				21F1C1D4143FDF0A006C2A5B /* Products */,
			);
			sourceTree = "<group>";
		};
		21F1C1D4143FDF0A006C2A5B /* Products */ = {
			isa = PBXGroup;
			children = (
				21F1C1D3143FDF0A006C2A5B /* BFC-iOS.app */,
			);
			name = Products;
			sourceTree = "<group>";
		};
		21F1C1D6143FDF0A006C2A5B /* Frameworks */ = {
			isa = PBXGroup;
			children = (
				21F1C1D7143FDF0A006C2A5B /* UIKit.framework */,
				21F1C1D9143FDF0A006C2A5B /* Foundation.framework */,
				21F1C1DB143FDF0A006C2A5B /* CoreGraphics.framework */,
			);
			name = Frameworks;
			sourceTree = "<group>";
		};
		21F1C1DD143FDF0A006C2A5B /* BFC-iOS */ = {
			isa = PBXGroup;
			children = (
				AFD99E4C143FE2650008198C /* NIBs */,
				AFD99E50143FE2650008198C /* Classes */,
				21F1C1DE143FDF0A006C2A5B /* Supporting Files */,
			);
			path = "BFC-iOS";
			sourceTree = "<group>";
		};
		21F1C1DE143FDF0A006C2A5B /* Supporting Files */ = {
			isa = PBXGroup;
			children = (
				21F1C1DF143FDF0A006C2A5B /* BFC-iOS-Info.plist */,
				21F1C1E0143FDF0A006C2A5B /* InfoPlist.strings */,
				21F1C1E3143FDF0A006C2A5B /* BFC-iOS-Prefix.pch */,
				21F1C1E4143FDF0A006C2A5B /* main.m */,
			);
			name = "Supporting Files";
			sourceTree = "<group>";
		};
		AF630570144000BA002AFDF9 /* Data Objects */ = {
			isa = PBXGroup;
			children = (
				AF6305711440011B002AFDF9 /* PhotoLocation.h */,
				AF6305721440011B002AFDF9 /* PhotoLocation.m */,
			);
			path = "Data Objects";
			sourceTree = "<group>";
		};
		AFD99E4C143FE2650008198C /* NIBs */ = {
			isa = PBXGroup;
			children = (
				AFD99E4E143FE2650008198C /* MainWindow.xib */,
				AFD99E67143FE4FD0008198C /* YouAreHereView.xib */,
				AFD99E69143FE50D0008198C /* SearchView.xib */,
				AFD99E6B143FE52B0008198C /* AboutView.xib */,
				21756E92143FE4D100838F7E /* MapView.xib */,
			);
			path = NIBs;
			sourceTree = "<group>";
		};
		AFD99E50143FE2650008198C /* Classes */ = {
			isa = PBXGroup;
			children = (
				AF630570144000BA002AFDF9 /* Data Objects */,
				AFD99E51143FE2650008198C /* BFC_iOSAppDelegate.h */,
				AFD99E52143FE2650008198C /* BFC_iOSAppDelegate.m */,
				AFD99E53143FE2650008198C /* View Controllers */,
			);
			path = Classes;
			sourceTree = "<group>";
		};
		AFD99E53143FE2650008198C /* View Controllers */ = {
			isa = PBXGroup;
			children = (
				21756E90143FE4D100838F7E /* MapViewController.h */,
				21756E91143FE4D100838F7E /* MapViewController.m */,
				AFD99E5E143FE4A30008198C /* YouAreHereViewController.h */,
				AFD99E5F143FE4A30008198C /* YouAreHereViewController.m */,
				AFD99E61143FE4C10008198C /* SearchViewController.h */,
				AFD99E62143FE4C10008198C /* SearchViewController.m */,
				AFD99E64143FE4E00008198C /* AboutViewController.h */,
				AFD99E65143FE4E00008198C /* AboutViewController.m */,
			);
			path = "View Controllers";
			sourceTree = "<group>";
		};
/* End PBXGroup section */

/* Begin PBXNativeTarget section */
		21F1C1D2143FDF0A006C2A5B /* BFC-iOS */ = {
			isa = PBXNativeTarget;
			buildConfigurationList = 21F1C1FA143FDF0A006C2A5B /* Build configuration list for PBXNativeTarget "BFC-iOS" */;
			buildPhases = (
				21F1C1CF143FDF0A006C2A5B /* Sources */,
				21F1C1D0143FDF0A006C2A5B /* Frameworks */,
				21F1C1D1143FDF0A006C2A5B /* Resources */,
			);
			buildRules = (
			);
			dependencies = (
			);
			name = "BFC-iOS";
			productName = "BFC-iOS";
			productReference = 21F1C1D3143FDF0A006C2A5B /* BFC-iOS.app */;
			productType = "com.apple.product-type.application";
		};
/* End PBXNativeTarget section */

/* Begin PBXProject section */
		21F1C1CA143FDF0A006C2A5B /* Project object */ = {
			isa = PBXProject;
			buildConfigurationList = 21F1C1CD143FDF0A006C2A5B /* Build configuration list for PBXProject "BFC-iOS" */;
			compatibilityVersion = "Xcode 3.2";
			developmentRegion = English;
			hasScannedForEncodings = 0;
			knownRegions = (
				en,
			);
			mainGroup = 21F1C1C8143FDF0A006C2A5B;
			productRefGroup = 21F1C1D4143FDF0A006C2A5B /* Products */;
			projectDirPath = "";
			projectRoot = "";
			targets = (
				21F1C1D2143FDF0A006C2A5B /* BFC-iOS */,
			);
		};
/* End PBXProject section */

/* Begin PBXResourcesBuildPhase section */
		21F1C1D1143FDF0A006C2A5B /* Resources */ = {
			isa = PBXResourcesBuildPhase;
			buildActionMask = 2147483647;
			files = (
				21F1C1E2143FDF0A006C2A5B /* InfoPlist.strings in Resources */,
				AFD99E59143FE2650008198C /* MainWindow.xib in Resources */,
				AFD99E68143FE4FD0008198C /* YouAreHereView.xib in Resources */,
				AFD99E6A143FE50D0008198C /* SearchView.xib in Resources */,
				AFD99E6C143FE52B0008198C /* AboutView.xib in Resources */,
				21756E94143FE4D100838F7E /* MapView.xib in Resources */,
			);
			runOnlyForDeploymentPostprocessing = 0;
		};
/* End PBXResourcesBuildPhase section */

/* Begin PBXSourcesBuildPhase section */
		21F1C1CF143FDF0A006C2A5B /* Sources */ = {
			isa = PBXSourcesBuildPhase;
			buildActionMask = 2147483647;
			files = (
				21F1C1E5143FDF0A006C2A5B /* main.m in Sources */,
				AFD99E5B143FE2650008198C /* BFC_iOSAppDelegate.m in Sources */,
				AFD99E60143FE4A30008198C /* YouAreHereViewController.m in Sources */,
				AFD99E63143FE4C10008198C /* SearchViewController.m in Sources */,
				AFD99E66143FE4E10008198C /* AboutViewController.m in Sources */,
				21756E93143FE4D100838F7E /* MapViewController.m in Sources */,
				AF6305731440011B002AFDF9 /* PhotoLocation.m in Sources */,
			);
			runOnlyForDeploymentPostprocessing = 0;
		};
/* End PBXSourcesBuildPhase section */

/* Begin PBXVariantGroup section */
		21F1C1E0143FDF0A006C2A5B /* InfoPlist.strings */ = {
			isa = PBXVariantGroup;
			children = (
				21F1C1E1143FDF0A006C2A5B /* en */,
			);
			name = InfoPlist.strings;
			sourceTree = "<group>";
		};
/* End PBXVariantGroup section */

/* Begin XCBuildConfiguration section */
		21F1C1F8143FDF0A006C2A5B /* Debug */ = {
			isa = XCBuildConfiguration;
			buildSettings = {
				ARCHS = "$(ARCHS_STANDARD_32_BIT)";
				"CODE_SIGN_IDENTITY[sdk=iphoneos*]" = "iPhone Developer";
				GCC_C_LANGUAGE_STANDARD = gnu99;
				GCC_OPTIMIZATION_LEVEL = 0;
				GCC_PREPROCESSOR_DEFINITIONS = DEBUG;
				GCC_SYMBOLS_PRIVATE_EXTERN = NO;
				GCC_VERSION = com.apple.compilers.llvmgcc42;
				GCC_WARN_ABOUT_RETURN_TYPE = YES;
				GCC_WARN_UNUSED_VARIABLE = YES;
				IPHONEOS_DEPLOYMENT_TARGET = 4.3;
				SDKROOT = iphoneos;
			};
			name = Debug;
		};
		21F1C1F9143FDF0A006C2A5B /* Release */ = {
			isa = XCBuildConfiguration;
			buildSettings = {
				ARCHS = "$(ARCHS_STANDARD_32_BIT)";
				"CODE_SIGN_IDENTITY[sdk=iphoneos*]" = "iPhone Developer";
				GCC_C_LANGUAGE_STANDARD = gnu99;
				GCC_VERSION = com.apple.compilers.llvmgcc42;
				GCC_WARN_ABOUT_RETURN_TYPE = YES;
				GCC_WARN_UNUSED_VARIABLE = YES;
				IPHONEOS_DEPLOYMENT_TARGET = 4.3;
				OTHER_CFLAGS = "-DNS_BLOCK_ASSERTIONS=1";
				SDKROOT = iphoneos;
			};
			name = Release;
		};
		21F1C1FB143FDF0A006C2A5B /* Debug */ = {
			isa = XCBuildConfiguration;
			buildSettings = {
				ALWAYS_SEARCH_USER_PATHS = NO;
				COPY_PHASE_STRIP = NO;
				GCC_DYNAMIC_NO_PIC = NO;
				GCC_PRECOMPILE_PREFIX_HEADER = YES;
				GCC_PREFIX_HEADER = "BFC-iOS/BFC-iOS-Prefix.pch";
				INFOPLIST_FILE = "BFC-iOS/BFC-iOS-Info.plist";
				PRODUCT_NAME = "$(TARGET_NAME)";
				WRAPPER_EXTENSION = app;
			};
			name = Debug;
		};
		21F1C1FC143FDF0A006C2A5B /* Release */ = {
			isa = XCBuildConfiguration;
			buildSettings = {
				ALWAYS_SEARCH_USER_PATHS = NO;
				COPY_PHASE_STRIP = YES;
				GCC_PRECOMPILE_PREFIX_HEADER = YES;
				GCC_PREFIX_HEADER = "BFC-iOS/BFC-iOS-Prefix.pch";
				INFOPLIST_FILE = "BFC-iOS/BFC-iOS-Info.plist";
				PRODUCT_NAME = "$(TARGET_NAME)";
				VALIDATE_PRODUCT = YES;
				WRAPPER_EXTENSION = app;
			};
			name = Release;
		};
/* End XCBuildConfiguration section */

/* Begin XCConfigurationList section */
		21F1C1CD143FDF0A006C2A5B /* Build configuration list for PBXProject "BFC-iOS" */ = {
			isa = XCConfigurationList;
			buildConfigurations = (
				21F1C1F8143FDF0A006C2A5B /* Debug */,
				21F1C1F9143FDF0A006C2A5B /* Release */,
			);
			defaultConfigurationIsVisible = 0;
			defaultConfigurationName = Release;
		};
		21F1C1FA143FDF0A006C2A5B /* Build configuration list for PBXNativeTarget "BFC-iOS" */ = {
			isa = XCConfigurationList;
			buildConfigurations = (
				21F1C1FB143FDF0A006C2A5B /* Debug */,
				21F1C1FC143FDF0A006C2A5B /* Release */,
			);
			defaultConfigurationIsVisible = 0;
			defaultConfigurationName = Release;
		};
/* End XCConfigurationList section */
	};
	rootObject = 21F1C1CA143FDF0A006C2A5B /* Project object */;
}
